
Microsoft Visual Studio Solution File, Format Version 12.00
# Visual Studio Version 16
VisualStudioVersion = 16.0.33927.289
MinimumVisualStudioVersion = 10.0.40219.1
Project("{2150E333-8FDC-42A3-9474-1A3956D46DE8}") = "Task0", "Task0", "{A9C9D4BF-0344-44D4-9460-2DB4D747251E}"
EndProject
Project("{FAE04EC0-301F-11D3-BF4B-00C04F79EFBC}") = "Tyuiu.DolgihEN.Sprint1.Task0.V12", "Tyuiu.DolgihEN.Sprint1.Task0.V12\Tyuiu.DolgihEN.Sprint1.Task0.V12.csproj", "{734257D0-D9DF-44B6-8652-6C6BC548AFA0}"
EndProject
Project("{FAE04EC0-301F-11D3-BF4B-00C04F79EFBC}") = "Tyuiu.DolgihEN.Sprint1.Task0.V12.Lib", "Tyuiu.DolgihEN.Sprint1.Task0.V12.Lib\Tyuiu.DolgihEN.Sprint1.Task0.V12.Lib.csproj", "{8B17A317-20E6-48C9-8EB9-E525CBC24C33}"
EndProject
Project("{FAE04EC0-301F-11D3-BF4B-00C04F79EFBC}") = "Tyuiu.DolgihEN.Sprint1.Task0.V12.Test", "Tyuiu.DolgihEN.Sprint1.Task0.V12.Test\Tyuiu.DolgihEN.Sprint1.Task0.V12.Test.csproj", "{25312AC9-D7FC-49AA-BBB0-A3272E4134D6}"
EndProject
Project("{2150E333-8FDC-42A3-9474-1A3956D46DE8}") = "Task1", "Task1", "{7CD13F52-5FDC-4ACE-85E2-A751488C3BDE}"
EndProject
Project("{FAE04EC0-301F-11D3-BF4B-00C04F79EFBC}") = "Tyuiu.DolgihEN.Sprint1.Task1.V28", "Tyuiu.DolgihEN.Sprint1.Task1.V28\Tyuiu.DolgihEN.Sprint1.Task1.V28.csproj", "{CD59F465-9DFE-451D-9C8C-9A4880B1BEE4}"
EndProject
Project("{FAE04EC0-301F-11D3-BF4B-00C04F79EFBC}") = "Tyuiu.DolgihEN.Sprint1.Task1.V28.Lib", "Tyuiu.DolgihEN.Sprint1.Task1.V28.Lib\Tyuiu.DolgihEN.Sprint1.Task1.V28.Lib.csproj", "{88A407FF-81FF-4294-A982-2B9D14198624}"
EndProject
Project("{FAE04EC0-301F-11D3-BF4B-00C04F79EFBC}") = "Tyuiu.DolgihEN.Sprint1.Task1.V28.Test", "Tyuiu.DolgihEN.Sprint1.Task1.V28.Test\Tyuiu.DolgihEN.Sprint1.Task1.V28.Test.csproj", "{62C69F6C-B1AF-40F3-BFE8-D26A5BD553FB}"
EndProject
Project("{2150E333-8FDC-42A3-9474-1A3956D46DE8}") = "Task2", "Task2", "{1BD56BE3-1D96-4A3D-A5CB-DB16AADBFDB5}"
EndProject
Project("{FAE04EC0-301F-11D3-BF4B-00C04F79EFBC}") = "Tyuiu.DolgihEN.Sprint1.Task2.V25", "Tyuiu.DolgihEN.Sprint1.Task2.V25\Tyuiu.DolgihEN.Sprint1.Task2.V25.csproj", "{E7FA38F6-7510-4852-B4D2-01CD3710EF89}"
EndProject
Project("{FAE04EC0-301F-11D3-BF4B-00C04F79EFBC}") = "Tyuiu.DolgihEN.Sprint1.Task2.V25.Test", "Tyuiu.DolgihEN.Sprint1.Task2.V25.Test\Tyuiu.DolgihEN.Sprint1.Task2.V25.Test.csproj", "{FCFC6C20-8DBB-4FA8-B598-4A559BDC4A97}"
EndProject
Project("{FAE04EC0-301F-11D3-BF4B-00C04F79EFBC}") = "Tyuiu.DolgihEN.Sprint1.Task2.V25.Lib", "Tyuiu.DolgihEN.Sprint1.Task2.V25.Lib\Tyuiu.DolgihEN.Sprint1.Task2.V25.Lib.csproj", "{DAA64C48-5818-4D9C-BDC6-76A0A812C709}"
EndProject
Project("{2150E333-8FDC-42A3-9474-1A3956D46DE8}") = "Task3", "Task3", "{19B6E2E0-F27E-41ED-8411-F17321A9EFE9}"
EndProject
Project("{FAE04EC0-301F-11D3-BF4B-00C04F79EFBC}") = "Tyuiu.DolgihEN.Sprint1.Task3.V18", "Tyuiu.DolgihEN.Sprint1.Task3.V18\Tyuiu.DolgihEN.Sprint1.Task3.V18.csproj", "{1BA2E82C-F6DD-47DA-9D1E-AE6551B29FE1}"
EndProject
Project("{FAE04EC0-301F-11D3-BF4B-00C04F79EFBC}") = "Tyuiu.DolgihEN.Sprint1.Task3.V18.Lib", "Tyuiu.DolgihEN.Sprint1.Task3.V18.Lib\Tyuiu.DolgihEN.Sprint1.Task3.V18.Lib.csproj", "{D804DAAA-0147-49CA-A212-9DB77073330F}"
EndProject
Project("{FAE04EC0-301F-11D3-BF4B-00C04F79EFBC}") = "Tyuiu.DolgihEN.Sprint1.Task3.V18.Test", "Tyuiu.DolgihEN.Sprint1.Task3.V18.Test\Tyuiu.DolgihEN.Sprint1.Task3.V18.Test.csproj", "{8E894270-16E4-4971-9E34-37461A2355C2}"
EndProject
Project("{2150E333-8FDC-42A3-9474-1A3956D46DE8}") = "Task4", "Task4", "{EF09F846-53E8-4DDD-8DDE-56140A192F72}"
EndProject
Project("{FAE04EC0-301F-11D3-BF4B-00C04F79EFBC}") = "Tyuiu.DolgihEN.Sprint1.Task4.V9", "Tyuiu.DolgihEN.Sprint1.Task4.V9\Tyuiu.DolgihEN.Sprint1.Task4.V9.csproj", "{C71913E7-1B14-4F09-9A25-7614EBCA6041}"
EndProject
Project("{FAE04EC0-301F-11D3-BF4B-00C04F79EFBC}") = "Tyuiu.DolgihEN.Sprint1.Task4.V9.Lib", "Tyuiu.DolgihEN.Sprint1.Task4.V9.Lib\Tyuiu.DolgihEN.Sprint1.Task4.V9.Lib.csproj", "{98D60B34-EE20-47D4-9DF3-20154006A22B}"
EndProject
Project("{FAE04EC0-301F-11D3-BF4B-00C04F79EFBC}") = "Tyuiu.DolgihEN.Sprint1.Task4.V9.Test", "Tyuiu.DolgihEN.Sprint1.Task4.V9.Test\Tyuiu.DolgihEN.Sprint1.Task4.V9.Test.csproj", "{58538EDF-5D9C-4D56-B56A-97B9726A2E65}"
EndProject
Project("{2150E333-8FDC-42A3-9474-1A3956D46DE8}") = "Task5", "Task5", "{333579D0-99FE-4906-9308-E7771FCC5753}"
EndProject
Project("{FAE04EC0-301F-11D3-BF4B-00C04F79EFBC}") = "Tyuiu.DolgihEN.Sprint1.Task5.V7", "Tyuiu.DolgihEN.Sprint1.Task5.V7\Tyuiu.DolgihEN.Sprint1.Task5.V7.csproj", "{BB524A36-7DC9-4331-9E16-25621E204EA7}"
EndProject
Project("{FAE04EC0-301F-11D3-BF4B-00C04F79EFBC}") = "Tyuiu.DolgihEN.Sprint1.Task5.V7.Test", "Tyuiu.DolgihEN.Sprint1.Task5.V7.Test\Tyuiu.DolgihEN.Sprint1.Task5.V7.Test.csproj", "{E76D4481-F0AC-4BDF-988C-8CB06284C893}"
EndProject
Project("{FAE04EC0-301F-11D3-BF4B-00C04F79EFBC}") = "Tyuiu.DolgihEN.Sprint1.Task5.V7.Lib", "Tyuiu.DolgihEN.Sprint1.Task5.V7.Lib\Tyuiu.DolgihEN.Sprint1.Task5.V7.Lib.csproj", "{B6D2B4F6-48FB-4CD3-AE2C-5D02CAD9650C}"
EndProject
Project("{2150E333-8FDC-42A3-9474-1A3956D46DE8}") = "Task6", "Task6", "{8CF9855A-D8B6-42EF-A8AA-84206A950E87}"
EndProject
Project("{FAE04EC0-301F-11D3-BF4B-00C04F79EFBC}") = "Tyuiu.DolgihEN.Sprint1.Task6.V16", "Tyuiu.DolgihEN.Sprint1.Task6.V16\Tyuiu.DolgihEN.Sprint1.Task6.V16.csproj", "{0FB589BB-1569-4BE2-9D37-7E60FD1171A1}"
EndProject
Project("{FAE04EC0-301F-11D3-BF4B-00C04F79EFBC}") = "Tyuiu.DolgihEN.Sprint1.Task6.V16.Test", "Tyuiu.DolgihEN.Sprint1.Task6.V16.Test\Tyuiu.DolgihEN.Sprint1.Task6.V16.Test.csproj", "{72709FAF-0D21-439B-B592-49D037B25D0E}"
EndProject
Project("{FAE04EC0-301F-11D3-BF4B-00C04F79EFBC}") = "Tyuiu.DolgihEN.Sprint1.Task6.V16.Lib", "Tyuiu.DolgihEN.Sprint1.Task6.V16.Lib\Tyuiu.DolgihEN.Sprint1.Task6.V16.Lib.csproj", "{D8C8C9EB-81DC-42E6-90BA-49FEC838A567}"
EndProject
Project("{2150E333-8FDC-42A3-9474-1A3956D46DE8}") = "Task7", "Task7", "{5487CF9C-6044-4D94-9625-DD1A88A4369F}"
EndProject
Project("{FAE04EC0-301F-11D3-BF4B-00C04F79EFBC}") = "Tyuiu.DolgihEN.Sprint1.Task7.V21", "Tyuiu.DolgihEN.Sprint1.Task7.V21\Tyuiu.DolgihEN.Sprint1.Task7.V21.csproj", "{0A28D939-684E-4BCE-934B-3DB04E94E12D}"
EndProject
Project("{FAE04EC0-301F-11D3-BF4B-00C04F79EFBC}") = "Tyuiu.DolgihEN.Sprint1.Task7.V21.Test", "Tyuiu.DolgihEN.Sprint1.Task7.V21.Test\Tyuiu.DolgihEN.Sprint1.Task7.V21.Test.csproj", "{DDD8FE2C-DE5B-465B-96CC-E5B1B42D5EF7}"
EndProject
Project("{FAE04EC0-301F-11D3-BF4B-00C04F79EFBC}") = "Tyuiu.DolgihEN.Sprint1.Task7.V21.Lib", "Tyuiu.DolgihEN.Sprint1.Task7.V21.Lib\Tyuiu.DolgihEN.Sprint1.Task7.V21.Lib.csproj", "{D90B1B6F-D726-4DF3-9BA9-D0DD84032D2C}"
EndProject
Global
	GlobalSection(SolutionConfigurationPlatforms) = preSolution
		Debug|Any CPU = Debug|Any CPU
		Release|Any CPU = Release|Any CPU
	EndGlobalSection
	GlobalSection(ProjectConfigurationPlatforms) = postSolution
		{734257D0-D9DF-44B6-8652-6C6BC548AFA0}.Debug|Any CPU.ActiveCfg = Debug|Any CPU
		{734257D0-D9DF-44B6-8652-6C6BC548AFA0}.Debug|Any CPU.Build.0 = Debug|Any CPU
		{734257D0-D9DF-44B6-8652-6C6BC548AFA0}.Release|Any CPU.ActiveCfg = Release|Any CPU
		{734257D0-D9DF-44B6-8652-6C6BC548AFA0}.Release|Any CPU.Build.0 = Release|Any CPU
		{8B17A317-20E6-48C9-8EB9-E525CBC24C33}.Debug|Any CPU.ActiveCfg = Debug|Any CPU
		{8B17A317-20E6-48C9-8EB9-E525CBC24C33}.Debug|Any CPU.Build.0 = Debug|Any CPU
		{8B17A317-20E6-48C9-8EB9-E525CBC24C33}.Release|Any CPU.ActiveCfg = Release|Any CPU
		{8B17A317-20E6-48C9-8EB9-E525CBC24C33}.Release|Any CPU.Build.0 = Release|Any CPU
		{25312AC9-D7FC-49AA-BBB0-A3272E4134D6}.Debug|Any CPU.ActiveCfg = Debug|Any CPU
		{25312AC9-D7FC-49AA-BBB0-A3272E4134D6}.Debug|Any CPU.Build.0 = Debug|Any CPU
		{25312AC9-D7FC-49AA-BBB0-A3272E4134D6}.Release|Any CPU.ActiveCfg = Release|Any CPU
		{25312AC9-D7FC-49AA-BBB0-A3272E4134D6}.Release|Any CPU.Build.0 = Release|Any CPU
		{CD59F465-9DFE-451D-9C8C-9A4880B1BEE4}.Debug|Any CPU.ActiveCfg = Debug|Any CPU
		{CD59F465-9DFE-451D-9C8C-9A4880B1BEE4}.Debug|Any CPU.Build.0 = Debug|Any CPU
		{CD59F465-9DFE-451D-9C8C-9A4880B1BEE4}.Release|Any CPU.ActiveCfg = Release|Any CPU
		{CD59F465-9DFE-451D-9C8C-9A4880B1BEE4}.Release|Any CPU.Build.0 = Release|Any CPU
		{88A407FF-81FF-4294-A982-2B9D14198624}.Debug|Any CPU.ActiveCfg = Debug|Any CPU
		{88A407FF-81FF-4294-A982-2B9D14198624}.Debug|Any CPU.Build.0 = Debug|Any CPU
		{88A407FF-81FF-4294-A982-2B9D14198624}.Release|Any CPU.ActiveCfg = Release|Any CPU
		{88A407FF-81FF-4294-A982-2B9D14198624}.Release|Any CPU.Build.0 = Release|Any CPU
		{62C69F6C-B1AF-40F3-BFE8-D26A5BD553FB}.Debug|Any CPU.ActiveCfg = Debug|Any CPU
		{62C69F6C-B1AF-40F3-BFE8-D26A5BD553FB}.Debug|Any CPU.Build.0 = Debug|Any CPU
		{62C69F6C-B1AF-40F3-BFE8-D26A5BD553FB}.Release|Any CPU.ActiveCfg = Release|Any CPU
		{62C69F6C-B1AF-40F3-BFE8-D26A5BD553FB}.Release|Any CPU.Build.0 = Release|Any CPU
		{E7FA38F6-7510-4852-B4D2-01CD3710EF89}.Debug|Any CPU.ActiveCfg = Debug|Any CPU
		{E7FA38F6-7510-4852-B4D2-01CD3710EF89}.Debug|Any CPU.Build.0 = Debug|Any CPU
		{E7FA38F6-7510-4852-B4D2-01CD3710EF89}.Release|Any CPU.ActiveCfg = Release|Any CPU
		{E7FA38F6-7510-4852-B4D2-01CD3710EF89}.Release|Any CPU.Build.0 = Release|Any CPU
		{FCFC6C20-8DBB-4FA8-B598-4A559BDC4A97}.Debug|Any CPU.ActiveCfg = Debug|Any CPU
		{FCFC6C20-8DBB-4FA8-B598-4A559BDC4A97}.Debug|Any CPU.Build.0 = Debug|Any CPU
		{FCFC6C20-8DBB-4FA8-B598-4A559BDC4A97}.Release|Any CPU.ActiveCfg = Release|Any CPU
		{FCFC6C20-8DBB-4FA8-B598-4A559BDC4A97}.Release|Any CPU.Build.0 = Release|Any CPU
		{DAA64C48-5818-4D9C-BDC6-76A0A812C709}.Debug|Any CPU.ActiveCfg = Debug|Any CPU
		{DAA64C48-5818-4D9C-BDC6-76A0A812C709}.Debug|Any CPU.Build.0 = Debug|Any CPU
		{DAA64C48-5818-4D9C-BDC6-76A0A812C709}.Release|Any CPU.ActiveCfg = Release|Any CPU
		{DAA64C48-5818-4D9C-BDC6-76A0A812C709}.Release|Any CPU.Build.0 = Release|Any CPU
		{1BA2E82C-F6DD-47DA-9D1E-AE6551B29FE1}.Debug|Any CPU.ActiveCfg = Debug|Any CPU
		{1BA2E82C-F6DD-47DA-9D1E-AE6551B29FE1}.Debug|Any CPU.Build.0 = Debug|Any CPU
		{1BA2E82C-F6DD-47DA-9D1E-AE6551B29FE1}.Release|Any CPU.ActiveCfg = Release|Any CPU
		{1BA2E82C-F6DD-47DA-9D1E-AE6551B29FE1}.Release|Any CPU.Build.0 = Release|Any CPU
		{D804DAAA-0147-49CA-A212-9DB77073330F}.Debug|Any CPU.ActiveCfg = Debug|Any CPU
		{D804DAAA-0147-49CA-A212-9DB77073330F}.Debug|Any CPU.Build.0 = Debug|Any CPU
		{D804DAAA-0147-49CA-A212-9DB77073330F}.Release|Any CPU.ActiveCfg = Release|Any CPU
		{D804DAAA-0147-49CA-A212-9DB77073330F}.Release|Any CPU.Build.0 = Release|Any CPU
		{8E894270-16E4-4971-9E34-37461A2355C2}.Debug|Any CPU.ActiveCfg = Debug|Any CPU
		{8E894270-16E4-4971-9E34-37461A2355C2}.Debug|Any CPU.Build.0 = Debug|Any CPU
		{8E894270-16E4-4971-9E34-37461A2355C2}.Release|Any CPU.ActiveCfg = Release|Any CPU
		{8E894270-16E4-4971-9E34-37461A2355C2}.Release|Any CPU.Build.0 = Release|Any CPU
		{C71913E7-1B14-4F09-9A25-7614EBCA6041}.Debug|Any CPU.ActiveCfg = Debug|Any CPU
		{C71913E7-1B14-4F09-9A25-7614EBCA6041}.Debug|Any CPU.Build.0 = Debug|Any CPU
		{C71913E7-1B14-4F09-9A25-7614EBCA6041}.Release|Any CPU.ActiveCfg = Release|Any CPU
		{C71913E7-1B14-4F09-9A25-7614EBCA6041}.Release|Any CPU.Build.0 = Release|Any CPU
		{98D60B34-EE20-47D4-9DF3-20154006A22B}.Debug|Any CPU.ActiveCfg = Debug|Any CPU
		{98D60B34-EE20-47D4-9DF3-20154006A22B}.Debug|Any CPU.Build.0 = Debug|Any CPU
		{98D60B34-EE20-47D4-9DF3-20154006A22B}.Release|Any CPU.ActiveCfg = Release|Any CPU
		{98D60B34-EE20-47D4-9DF3-20154006A22B}.Release|Any CPU.Build.0 = Release|Any CPU
		{58538EDF-5D9C-4D56-B56A-97B9726A2E65}.Debug|Any CPU.ActiveCfg = Debug|Any CPU
		{58538EDF-5D9C-4D56-B56A-97B9726A2E65}.Debug|Any CPU.Build.0 = Debug|Any CPU
		{58538EDF-5D9C-4D56-B56A-97B9726A2E65}.Release|Any CPU.ActiveCfg = Release|Any CPU
		{58538EDF-5D9C-4D56-B56A-97B9726A2E65}.Release|Any CPU.Build.0 = Release|Any CPU
		{BB524A36-7DC9-4331-9E16-25621E204EA7}.Debug|Any CPU.ActiveCfg = Debug|Any CPU
		{BB524A36-7DC9-4331-9E16-25621E204EA7}.Debug|Any CPU.Build.0 = Debug|Any CPU
		{BB524A36-7DC9-4331-9E16-25621E204EA7}.Release|Any CPU.ActiveCfg = Release|Any CPU
		{BB524A36-7DC9-4331-9E16-25621E204EA7}.Release|Any CPU.Build.0 = Release|Any CPU
		{E76D4481-F0AC-4BDF-988C-8CB06284C893}.Debug|Any CPU.ActiveCfg = Debug|Any CPU
		{E76D4481-F0AC-4BDF-988C-8CB06284C893}.Debug|Any CPU.Build.0 = Debug|Any CPU
		{E76D4481-F0AC-4BDF-988C-8CB06284C893}.Release|Any CPU.ActiveCfg = Release|Any CPU
		{E76D4481-F0AC-4BDF-988C-8CB06284C893}.Release|Any CPU.Build.0 = Release|Any CPU
		{B6D2B4F6-48FB-4CD3-AE2C-5D02CAD9650C}.Debug|Any CPU.ActiveCfg = Debug|Any CPU
		{B6D2B4F6-48FB-4CD3-AE2C-5D02CAD9650C}.Debug|Any CPU.Build.0 = Debug|Any CPU
		{B6D2B4F6-48FB-4CD3-AE2C-5D02CAD9650C}.Release|Any CPU.ActiveCfg = Release|Any CPU
		{B6D2B4F6-48FB-4CD3-AE2C-5D02CAD9650C}.Release|Any CPU.Build.0 = Release|Any CPU
		{0FB589BB-1569-4BE2-9D37-7E60FD1171A1}.Debug|Any CPU.ActiveCfg = Debug|Any CPU
		{0FB589BB-1569-4BE2-9D37-7E60FD1171A1}.Debug|Any CPU.Build.0 = Debug|Any CPU
		{0FB589BB-1569-4BE2-9D37-7E60FD1171A1}.Release|Any CPU.ActiveCfg = Release|Any CPU
		{0FB589BB-1569-4BE2-9D37-7E60FD1171A1}.Release|Any CPU.Build.0 = Release|Any CPU
		{72709FAF-0D21-439B-B592-49D037B25D0E}.Debug|Any CPU.ActiveCfg = Debug|Any CPU
		{72709FAF-0D21-439B-B592-49D037B25D0E}.Debug|Any CPU.Build.0 = Debug|Any CPU
		{72709FAF-0D21-439B-B592-49D037B25D0E}.Release|Any CPU.ActiveCfg = Release|Any CPU
		{72709FAF-0D21-439B-B592-49D037B25D0E}.Release|Any CPU.Build.0 = Release|Any CPU
		{D8C8C9EB-81DC-42E6-90BA-49FEC838A567}.Debug|Any CPU.ActiveCfg = Debug|Any CPU
		{D8C8C9EB-81DC-42E6-90BA-49FEC838A567}.Debug|Any CPU.Build.0 = Debug|Any CPU
		{D8C8C9EB-81DC-42E6-90BA-49FEC838A567}.Release|Any CPU.ActiveCfg = Release|Any CPU
		{D8C8C9EB-81DC-42E6-90BA-49FEC838A567}.Release|Any CPU.Build.0 = Release|Any CPU
		{0A28D939-684E-4BCE-934B-3DB04E94E12D}.Debug|Any CPU.ActiveCfg = Debug|Any CPU
		{0A28D939-684E-4BCE-934B-3DB04E94E12D}.Debug|Any CPU.Build.0 = Debug|Any CPU
		{0A28D939-684E-4BCE-934B-3DB04E94E12D}.Release|Any CPU.ActiveCfg = Release|Any CPU
		{0A28D939-684E-4BCE-934B-3DB04E94E12D}.Release|Any CPU.Build.0 = Release|Any CPU
		{DDD8FE2C-DE5B-465B-96CC-E5B1B42D5EF7}.Debug|Any CPU.ActiveCfg = Debug|Any CPU
		{DDD8FE2C-DE5B-465B-96CC-E5B1B42D5EF7}.Debug|Any CPU.Build.0 = Debug|Any CPU
		{DDD8FE2C-DE5B-465B-96CC-E5B1B42D5EF7}.Release|Any CPU.ActiveCfg = Release|Any CPU
		{DDD8FE2C-DE5B-465B-96CC-E5B1B42D5EF7}.Release|Any CPU.Build.0 = Release|Any CPU
		{D90B1B6F-D726-4DF3-9BA9-D0DD84032D2C}.Debug|Any CPU.ActiveCfg = Debug|Any CPU
		{D90B1B6F-D726-4DF3-9BA9-D0DD84032D2C}.Debug|Any CPU.Build.0 = Debug|Any CPU
		{D90B1B6F-D726-4DF3-9BA9-D0DD84032D2C}.Release|Any CPU.ActiveCfg = Release|Any CPU
		{D90B1B6F-D726-4DF3-9BA9-D0DD84032D2C}.Release|Any CPU.Build.0 = Release|Any CPU
	EndGlobalSection
	GlobalSection(SolutionProperties) = preSolution
		HideSolutionNode = FALSE
	EndGlobalSection
	GlobalSection(NestedProjects) = preSolution
		{734257D0-D9DF-44B6-8652-6C6BC548AFA0} = {A9C9D4BF-0344-44D4-9460-2DB4D747251E}
		{8B17A317-20E6-48C9-8EB9-E525CBC24C33} = {A9C9D4BF-0344-44D4-9460-2DB4D747251E}
		{25312AC9-D7FC-49AA-BBB0-A3272E4134D6} = {A9C9D4BF-0344-44D4-9460-2DB4D747251E}
		{CD59F465-9DFE-451D-9C8C-9A4880B1BEE4} = {7CD13F52-5FDC-4ACE-85E2-A751488C3BDE}
		{88A407FF-81FF-4294-A982-2B9D14198624} = {7CD13F52-5FDC-4ACE-85E2-A751488C3BDE}
		{62C69F6C-B1AF-40F3-BFE8-D26A5BD553FB} = {7CD13F52-5FDC-4ACE-85E2-A751488C3BDE}
		{E7FA38F6-7510-4852-B4D2-01CD3710EF89} = {1BD56BE3-1D96-4A3D-A5CB-DB16AADBFDB5}
		{FCFC6C20-8DBB-4FA8-B598-4A559BDC4A97} = {1BD56BE3-1D96-4A3D-A5CB-DB16AADBFDB5}
		{DAA64C48-5818-4D9C-BDC6-76A0A812C709} = {1BD56BE3-1D96-4A3D-A5CB-DB16AADBFDB5}
		{1BA2E82C-F6DD-47DA-9D1E-AE6551B29FE1} = {19B6E2E0-F27E-41ED-8411-F17321A9EFE9}
		{D804DAAA-0147-49CA-A212-9DB77073330F} = {19B6E2E0-F27E-41ED-8411-F17321A9EFE9}
		{8E894270-16E4-4971-9E34-37461A2355C2} = {19B6E2E0-F27E-41ED-8411-F17321A9EFE9}
		{C71913E7-1B14-4F09-9A25-7614EBCA6041} = {EF09F846-53E8-4DDD-8DDE-56140A192F72}
		{98D60B34-EE20-47D4-9DF3-20154006A22B} = {EF09F846-53E8-4DDD-8DDE-56140A192F72}
		{58538EDF-5D9C-4D56-B56A-97B9726A2E65} = {EF09F846-53E8-4DDD-8DDE-56140A192F72}
		{BB524A36-7DC9-4331-9E16-25621E204EA7} = {333579D0-99FE-4906-9308-E7771FCC5753}
		{E76D4481-F0AC-4BDF-988C-8CB06284C893} = {333579D0-99FE-4906-9308-E7771FCC5753}
		{B6D2B4F6-48FB-4CD3-AE2C-5D02CAD9650C} = {333579D0-99FE-4906-9308-E7771FCC5753}
		{0FB589BB-1569-4BE2-9D37-7E60FD1171A1} = {8CF9855A-D8B6-42EF-A8AA-84206A950E87}
		{72709FAF-0D21-439B-B592-49D037B25D0E} = {8CF9855A-D8B6-42EF-A8AA-84206A950E87}
		{D8C8C9EB-81DC-42E6-90BA-49FEC838A567} = {8CF9855A-D8B6-42EF-A8AA-84206A950E87}
		{0A28D939-684E-4BCE-934B-3DB04E94E12D} = {5487CF9C-6044-4D94-9625-DD1A88A4369F}
		{DDD8FE2C-DE5B-465B-96CC-E5B1B42D5EF7} = {5487CF9C-6044-4D94-9625-DD1A88A4369F}
		{D90B1B6F-D726-4DF3-9BA9-D0DD84032D2C} = {5487CF9C-6044-4D94-9625-DD1A88A4369F}
	EndGlobalSection
	GlobalSection(ExtensibilityGlobals) = postSolution
		SolutionGuid = {BE796964-7E22-4A7A-BE5B-697EAE8CD798}
	EndGlobalSection
EndGlobal
